
Microsoft Visual Studio Solution File, Format Version 11.00
# Visual Studio 2010
Project("{FAE04EC0-301F-11D3-BF4B-00C04F79EFBC}") = "allocate", "allocate\allocate.csproj", "{B9E8DC32-5F35-45B7-96F0-5D4B1987C11C}"
EndProject
Global
	GlobalSection(SolutionConfigurationPlatforms) = preSolution
		Debug|x86 = Debug|x86
		Release|x86 = Release|x86
	EndGlobalSection
	GlobalSection(ProjectConfigurationPlatforms) = postSolution
		{B9E8DC32-5F35-45B7-96F0-5D4B1987C11C}.Debug|x86.ActiveCfg = Debug|x86
		{B9E8DC32-5F35-45B7-96F0-5D4B1987C11C}.Debug|x86.Build.0 = Debug|x86
		{B9E8DC32-5F35-45B7-96F0-5D4B1987C11C}.Release|x86.ActiveCfg = Release|x86
		{B9E8DC32-5F35-45B7-96F0-5D4B1987C11C}.Release|x86.Build.0 = Release|x86
	EndGlobalSection
	GlobalSection(MonoDevelopProperties) = preSolution
		StartupItem = allocate\allocate.csproj
	EndGlobalSection
EndGlobal
